
Microsoft Visual Studio Solution File, Format Version 12.00
# Visual Studio Version 17
VisualStudioVersion = 17.14.37216.2 d17.14
MinimumVisualStudioVersion = 10.0.40219.1
Project("{FAE04EC0-301F-11D3-BF4B-00C04F79EFBC}") = "BookLoanProject", "BookLoanProject.csproj", "{64C6F54F-EECB-4DFB-ADE4-69DF4B583D83}"
EndProject
Global
	GlobalSection(SolutionConfigurationPlatforms) = preSolution
		Debug|Any CPU = Debug|Any CPU
		Release|Any CPU = Release|Any CPU
	EndGlobalSection
	GlobalSection(ProjectConfigurationPlatforms) = postSolution
		{64C6F54F-EECB-4DFB-ADE4-69DF4B583D83}.Debug|Any CPU.ActiveCfg = Debug|Any CPU
		{64C6F54F-EECB-4DFB-ADE4-69DF4B583D83}.Debug|Any CPU.Build.0 = Debug|Any CPU
		{64C6F54F-EECB-4DFB-ADE4-69DF4B583D83}.Release|Any CPU.ActiveCfg = Release|Any CPU
		{64C6F54F-EECB-4DFB-ADE4-69DF4B583D83}.Release|Any CPU.Build.0 = Release|Any CPU
	EndGlobalSection
	GlobalSection(SolutionProperties) = preSolution
		HideSolutionNode = FALSE
	EndGlobalSection
	GlobalSection(ExtensibilityGlobals) = postSolution
		SolutionGuid = {EC3B5D2E-C5C8-4FDE-97E8-0E188993AC80}
	EndGlobalSection
EndGlobal
